
Microsoft Visual Studio Solution File, Format Version 12.00
# Visual Studio Version 17
VisualStudioVersion = 17.1.32228.430
MinimumVisualStudioVersion = 10.0.40219.1
Project("{FAE04EC0-301F-11D3-BF4B-00C04F79EFBC}") = "API", "API\API.csproj", "{936A06D2-9452-45E8-A2B3-C7D00C23A188}"
EndProject
Project("{FAE04EC0-301F-11D3-BF4B-00C04F79EFBC}") = "Entity", "Entity\Entity.csproj", "{D6EC6E10-F1AE-444A-A1D3-9F4B549DC693}"
EndProject
Project("{FAE04EC0-301F-11D3-BF4B-00C04F79EFBC}") = "DataLayer", "DataLayer\DataLayer.csproj", "{7ABFA317-0A47-4F85-BB64-D64A650609CD}"
EndProject
Project("{FAE04EC0-301F-11D3-BF4B-00C04F79EFBC}") = "ProcessLayer", "ProcessLayer\ProcessLayer.csproj", "{D070B1EC-4B38-4405-A41D-1159E9478E10}"
EndProject
Global
	GlobalSection(SolutionConfigurationPlatforms) = preSolution
		Debug|Any CPU = Debug|Any CPU
		Release|Any CPU = Release|Any CPU
	EndGlobalSection
	GlobalSection(ProjectConfigurationPlatforms) = postSolution
		{936A06D2-9452-45E8-A2B3-C7D00C23A188}.Debug|Any CPU.ActiveCfg = Debug|Any CPU
		{936A06D2-9452-45E8-A2B3-C7D00C23A188}.Debug|Any CPU.Build.0 = Debug|Any CPU
		{936A06D2-9452-45E8-A2B3-C7D00C23A188}.Release|Any CPU.ActiveCfg = Release|Any CPU
		{936A06D2-9452-45E8-A2B3-C7D00C23A188}.Release|Any CPU.Build.0 = Release|Any CPU
		{D6EC6E10-F1AE-444A-A1D3-9F4B549DC693}.Debug|Any CPU.ActiveCfg = Debug|Any CPU
		{D6EC6E10-F1AE-444A-A1D3-9F4B549DC693}.Debug|Any CPU.Build.0 = Debug|Any CPU
		{D6EC6E10-F1AE-444A-A1D3-9F4B549DC693}.Release|Any CPU.ActiveCfg = Release|Any CPU
		{D6EC6E10-F1AE-444A-A1D3-9F4B549DC693}.Release|Any CPU.Build.0 = Release|Any CPU
		{7ABFA317-0A47-4F85-BB64-D64A650609CD}.Debug|Any CPU.ActiveCfg = Debug|Any CPU
		{7ABFA317-0A47-4F85-BB64-D64A650609CD}.Debug|Any CPU.Build.0 = Debug|Any CPU
		{7ABFA317-0A47-4F85-BB64-D64A650609CD}.Release|Any CPU.ActiveCfg = Release|Any CPU
		{7ABFA317-0A47-4F85-BB64-D64A650609CD}.Release|Any CPU.Build.0 = Release|Any CPU
		{D070B1EC-4B38-4405-A41D-1159E9478E10}.Debug|Any CPU.ActiveCfg = Debug|Any CPU
		{D070B1EC-4B38-4405-A41D-1159E9478E10}.Debug|Any CPU.Build.0 = Debug|Any CPU
		{D070B1EC-4B38-4405-A41D-1159E9478E10}.Release|Any CPU.ActiveCfg = Release|Any CPU
		{D070B1EC-4B38-4405-A41D-1159E9478E10}.Release|Any CPU.Build.0 = Release|Any CPU
	EndGlobalSection
	GlobalSection(SolutionProperties) = preSolution
		HideSolutionNode = FALSE
	EndGlobalSection
	GlobalSection(ExtensibilityGlobals) = postSolution
		SolutionGuid = {B41B4148-BA12-4F91-8D8F-F60BC9B04250}
	EndGlobalSection
EndGlobal
